
Microsoft Visual Studio Solution File, Format Version 12.00
# Visual Studio 15
VisualStudioVersion = 15.0.26124.0
MinimumVisualStudioVersion = 15.0.26124.0
Project("{FAE04EC0-301F-11D3-BF4B-00C04F79EFBC}") = "Datos", "Datos\Datos.csproj", "{1E286BB2-9A52-4F8A-A1A4-ABA79C48FDE2}"
EndProject
Project("{FAE04EC0-301F-11D3-BF4B-00C04F79EFBC}") = "Logica", "Logica\Logica.csproj", "{DFE6B6CC-1BA6-43BE-9D93-2457B13A6712}"
EndProject
Project("{FAE04EC0-301F-11D3-BF4B-00C04F79EFBC}") = "Entidades", "Entidades\Entidades.csproj", "{6CBA6350-6D4D-4E02-B8C9-99574F1804E1}"
EndProject
Project("{FAE04EC0-301F-11D3-BF4B-00C04F79EFBC}") = "HersanProject", "HersanProject\HersanProject.csproj", "{3501A443-EDD1-4BC9-82AB-0DAF84E8E29E}"
EndProject
Global
	GlobalSection(SolutionConfigurationPlatforms) = preSolution
		Debug|Any CPU = Debug|Any CPU
		Debug|x64 = Debug|x64
		Debug|x86 = Debug|x86
		Release|Any CPU = Release|Any CPU
		Release|x64 = Release|x64
		Release|x86 = Release|x86
	EndGlobalSection
	GlobalSection(SolutionProperties) = preSolution
		HideSolutionNode = FALSE
	EndGlobalSection
	GlobalSection(ProjectConfigurationPlatforms) = postSolution
		{1E286BB2-9A52-4F8A-A1A4-ABA79C48FDE2}.Debug|Any CPU.ActiveCfg = Debug|Any CPU
		{1E286BB2-9A52-4F8A-A1A4-ABA79C48FDE2}.Debug|Any CPU.Build.0 = Debug|Any CPU
		{1E286BB2-9A52-4F8A-A1A4-ABA79C48FDE2}.Debug|x64.ActiveCfg = Debug|Any CPU
		{1E286BB2-9A52-4F8A-A1A4-ABA79C48FDE2}.Debug|x64.Build.0 = Debug|Any CPU
		{1E286BB2-9A52-4F8A-A1A4-ABA79C48FDE2}.Debug|x86.ActiveCfg = Debug|Any CPU
		{1E286BB2-9A52-4F8A-A1A4-ABA79C48FDE2}.Debug|x86.Build.0 = Debug|Any CPU
		{1E286BB2-9A52-4F8A-A1A4-ABA79C48FDE2}.Release|Any CPU.ActiveCfg = Release|Any CPU
		{1E286BB2-9A52-4F8A-A1A4-ABA79C48FDE2}.Release|Any CPU.Build.0 = Release|Any CPU
		{1E286BB2-9A52-4F8A-A1A4-ABA79C48FDE2}.Release|x64.ActiveCfg = Release|Any CPU
		{1E286BB2-9A52-4F8A-A1A4-ABA79C48FDE2}.Release|x64.Build.0 = Release|Any CPU
		{1E286BB2-9A52-4F8A-A1A4-ABA79C48FDE2}.Release|x86.ActiveCfg = Release|Any CPU
		{1E286BB2-9A52-4F8A-A1A4-ABA79C48FDE2}.Release|x86.Build.0 = Release|Any CPU
		{DFE6B6CC-1BA6-43BE-9D93-2457B13A6712}.Debug|Any CPU.ActiveCfg = Debug|Any CPU
		{DFE6B6CC-1BA6-43BE-9D93-2457B13A6712}.Debug|Any CPU.Build.0 = Debug|Any CPU
		{DFE6B6CC-1BA6-43BE-9D93-2457B13A6712}.Debug|x64.ActiveCfg = Debug|Any CPU
		{DFE6B6CC-1BA6-43BE-9D93-2457B13A6712}.Debug|x64.Build.0 = Debug|Any CPU
		{DFE6B6CC-1BA6-43BE-9D93-2457B13A6712}.Debug|x86.ActiveCfg = Debug|Any CPU
		{DFE6B6CC-1BA6-43BE-9D93-2457B13A6712}.Debug|x86.Build.0 = Debug|Any CPU
		{DFE6B6CC-1BA6-43BE-9D93-2457B13A6712}.Release|Any CPU.ActiveCfg = Release|Any CPU
		{DFE6B6CC-1BA6-43BE-9D93-2457B13A6712}.Release|Any CPU.Build.0 = Release|Any CPU
		{DFE6B6CC-1BA6-43BE-9D93-2457B13A6712}.Release|x64.ActiveCfg = Release|Any CPU
		{DFE6B6CC-1BA6-43BE-9D93-2457B13A6712}.Release|x64.Build.0 = Release|Any CPU
		{DFE6B6CC-1BA6-43BE-9D93-2457B13A6712}.Release|x86.ActiveCfg = Release|Any CPU
		{DFE6B6CC-1BA6-43BE-9D93-2457B13A6712}.Release|x86.Build.0 = Release|Any CPU
		{6CBA6350-6D4D-4E02-B8C9-99574F1804E1}.Debug|Any CPU.ActiveCfg = Debug|Any CPU
		{6CBA6350-6D4D-4E02-B8C9-99574F1804E1}.Debug|Any CPU.Build.0 = Debug|Any CPU
		{6CBA6350-6D4D-4E02-B8C9-99574F1804E1}.Debug|x64.ActiveCfg = Debug|Any CPU
		{6CBA6350-6D4D-4E02-B8C9-99574F1804E1}.Debug|x64.Build.0 = Debug|Any CPU
		{6CBA6350-6D4D-4E02-B8C9-99574F1804E1}.Debug|x86.ActiveCfg = Debug|Any CPU
		{6CBA6350-6D4D-4E02-B8C9-99574F1804E1}.Debug|x86.Build.0 = Debug|Any CPU
		{6CBA6350-6D4D-4E02-B8C9-99574F1804E1}.Release|Any CPU.ActiveCfg = Release|Any CPU
		{6CBA6350-6D4D-4E02-B8C9-99574F1804E1}.Release|Any CPU.Build.0 = Release|Any CPU
		{6CBA6350-6D4D-4E02-B8C9-99574F1804E1}.Release|x64.ActiveCfg = Release|Any CPU
		{6CBA6350-6D4D-4E02-B8C9-99574F1804E1}.Release|x64.Build.0 = Release|Any CPU
		{6CBA6350-6D4D-4E02-B8C9-99574F1804E1}.Release|x86.ActiveCfg = Release|Any CPU
		{6CBA6350-6D4D-4E02-B8C9-99574F1804E1}.Release|x86.Build.0 = Release|Any CPU
		{3501A443-EDD1-4BC9-82AB-0DAF84E8E29E}.Debug|Any CPU.ActiveCfg = Debug|Any CPU
		{3501A443-EDD1-4BC9-82AB-0DAF84E8E29E}.Debug|Any CPU.Build.0 = Debug|Any CPU
		{3501A443-EDD1-4BC9-82AB-0DAF84E8E29E}.Debug|x64.ActiveCfg = Debug|Any CPU
		{3501A443-EDD1-4BC9-82AB-0DAF84E8E29E}.Debug|x64.Build.0 = Debug|Any CPU
		{3501A443-EDD1-4BC9-82AB-0DAF84E8E29E}.Debug|x86.ActiveCfg = Debug|Any CPU
		{3501A443-EDD1-4BC9-82AB-0DAF84E8E29E}.Debug|x86.Build.0 = Debug|Any CPU
		{3501A443-EDD1-4BC9-82AB-0DAF84E8E29E}.Release|Any CPU.ActiveCfg = Release|Any CPU
		{3501A443-EDD1-4BC9-82AB-0DAF84E8E29E}.Release|Any CPU.Build.0 = Release|Any CPU
		{3501A443-EDD1-4BC9-82AB-0DAF84E8E29E}.Release|x64.ActiveCfg = Release|Any CPU
		{3501A443-EDD1-4BC9-82AB-0DAF84E8E29E}.Release|x64.Build.0 = Release|Any CPU
		{3501A443-EDD1-4BC9-82AB-0DAF84E8E29E}.Release|x86.ActiveCfg = Release|Any CPU
		{3501A443-EDD1-4BC9-82AB-0DAF84E8E29E}.Release|x86.Build.0 = Release|Any CPU
	EndGlobalSection
EndGlobal
